# This file is automatically @generated by Wally.
# It is not intended for manual editing.
registry = "test"

[[package]]
name = "azul/plugin"
version = "0.1.0"
dependencies = [["fusion", "dervexhero/fusion-03-dev@0.3.0-dev.1"]]

[[package]]
name = "dervexhero/fusion-03-dev"
version = "0.3.0-dev.1"
dependencies = []
